
Microsoft Visual Studio Solution File, Format Version 12.00
# Visual Studio Version 17
VisualStudioVersion = 17.1.32407.343
MinimumVisualStudioVersion = 10.0.40219.1
Project("{FAE04EC0-301F-11D3-BF4B-00C04F79EFBC}") = "Virgins", "Virgins.csproj", "{1417E7D7-BEB9-43E4-97CC-309DFEFAB03C}"
EndProject
Global
	GlobalSection(SolutionConfigurationPlatforms) = preSolution
		Debug|Any CPU = Debug|Any CPU
		Release|Any CPU = Release|Any CPU
	EndGlobalSection
	GlobalSection(ProjectConfigurationPlatforms) = postSolution
		{1417E7D7-BEB9-43E4-97CC-309DFEFAB03C}.Debug|Any CPU.ActiveCfg = Debug|Any CPU
		{1417E7D7-BEB9-43E4-97CC-309DFEFAB03C}.Debug|Any CPU.Build.0 = Debug|Any CPU
		{1417E7D7-BEB9-43E4-97CC-309DFEFAB03C}.Release|Any CPU.ActiveCfg = Release|Any CPU
		{1417E7D7-BEB9-43E4-97CC-309DFEFAB03C}.Release|Any CPU.Build.0 = Release|Any CPU
	EndGlobalSection
	GlobalSection(SolutionProperties) = preSolution
		HideSolutionNode = FALSE
	EndGlobalSection
	GlobalSection(ExtensibilityGlobals) = postSolution
		SolutionGuid = {BED48F24-981A-4CAE-9631-82D15FC8A4BF}
	EndGlobalSection
EndGlobal
